
Microsoft Visual Studio Solution File, Format Version 12.00
# Visual Studio 2013
VisualStudioVersion = 12.0.21005.1
MinimumVisualStudioVersion = 10.0.40219.1
Project("{FAE04EC0-301F-11D3-BF4B-00C04F79EFBC}") = "MySampleApp", "MySampleApp\MySampleApp.csproj", "{B439D571-17C7-4C56-A298-8AFD440393BA}"
EndProject
Project("{FAE04EC0-301F-11D3-BF4B-00C04F79EFBC}") = "MySampleApp.Services", "MySampleApp.Services\MySampleApp.Services.csproj", "{D53363BF-90BB-49CC-ABBE-DBB3917D572C}"
EndProject
Project("{FAE04EC0-301F-11D3-BF4B-00C04F79EFBC}") = "MySampleApp.Tests", "MySampleApp.Tests\MySampleApp.Tests.csproj", "{0682966F-41BD-463C-9390-5E258842DDF0}"
EndProject
Global
	GlobalSection(SolutionConfigurationPlatforms) = preSolution
		Debug|Any CPU = Debug|Any CPU
		Release|Any CPU = Release|Any CPU
	EndGlobalSection
	GlobalSection(ProjectConfigurationPlatforms) = postSolution
		{B439D571-17C7-4C56-A298-8AFD440393BA}.Debug|Any CPU.ActiveCfg = Debug|Any CPU
		{B439D571-17C7-4C56-A298-8AFD440393BA}.Debug|Any CPU.Build.0 = Debug|Any CPU
		{B439D571-17C7-4C56-A298-8AFD440393BA}.Release|Any CPU.ActiveCfg = Release|Any CPU
		{B439D571-17C7-4C56-A298-8AFD440393BA}.Release|Any CPU.Build.0 = Release|Any CPU
		{D53363BF-90BB-49CC-ABBE-DBB3917D572C}.Debug|Any CPU.ActiveCfg = Debug|Any CPU
		{D53363BF-90BB-49CC-ABBE-DBB3917D572C}.Debug|Any CPU.Build.0 = Debug|Any CPU
		{D53363BF-90BB-49CC-ABBE-DBB3917D572C}.Release|Any CPU.ActiveCfg = Release|Any CPU
		{D53363BF-90BB-49CC-ABBE-DBB3917D572C}.Release|Any CPU.Build.0 = Release|Any CPU
		{0682966F-41BD-463C-9390-5E258842DDF0}.Debug|Any CPU.ActiveCfg = Debug|Any CPU
		{0682966F-41BD-463C-9390-5E258842DDF0}.Debug|Any CPU.Build.0 = Debug|Any CPU
		{0682966F-41BD-463C-9390-5E258842DDF0}.Release|Any CPU.ActiveCfg = Release|Any CPU
		{0682966F-41BD-463C-9390-5E258842DDF0}.Release|Any CPU.Build.0 = Release|Any CPU
	EndGlobalSection
	GlobalSection(SolutionProperties) = preSolution
		HideSolutionNode = FALSE
	EndGlobalSection
EndGlobal
